
Microsoft Visual Studio Solution File, Format Version 12.00
# Visual Studio 14
VisualStudioVersion = 14.0.23107.0
MinimumVisualStudioVersion = 10.0.40219.1
Project("{FAE04EC0-301F-11D3-BF4B-00C04F79EFBC}") = "UnityProxy", "UnityProxy\UnityProxy.csproj", "{3CE6B001-3111-4167-9BAE-5F73CDBDFEFF}"
EndProject
Project("{FAE04EC0-301F-11D3-BF4B-00C04F79EFBC}") = "UnityProxy.Console", "UnityProxy.Console\UnityProxy.Console.csproj", "{4AEFD67F-DA39-4735-B1A8-363288149C91}"
EndProject
Global
	GlobalSection(SolutionConfigurationPlatforms) = preSolution
		Debug|Any CPU = Debug|Any CPU
		Release|Any CPU = Release|Any CPU
	EndGlobalSection
	GlobalSection(ProjectConfigurationPlatforms) = postSolution
		{3CE6B001-3111-4167-9BAE-5F73CDBDFEFF}.Debug|Any CPU.ActiveCfg = Debug|Any CPU
		{3CE6B001-3111-4167-9BAE-5F73CDBDFEFF}.Debug|Any CPU.Build.0 = Debug|Any CPU
		{3CE6B001-3111-4167-9BAE-5F73CDBDFEFF}.Release|Any CPU.ActiveCfg = Release|Any CPU
		{3CE6B001-3111-4167-9BAE-5F73CDBDFEFF}.Release|Any CPU.Build.0 = Release|Any CPU
		{4AEFD67F-DA39-4735-B1A8-363288149C91}.Debug|Any CPU.ActiveCfg = Debug|Any CPU
		{4AEFD67F-DA39-4735-B1A8-363288149C91}.Debug|Any CPU.Build.0 = Debug|Any CPU
		{4AEFD67F-DA39-4735-B1A8-363288149C91}.Release|Any CPU.ActiveCfg = Release|Any CPU
		{4AEFD67F-DA39-4735-B1A8-363288149C91}.Release|Any CPU.Build.0 = Release|Any CPU
	EndGlobalSection
	GlobalSection(SolutionProperties) = preSolution
		HideSolutionNode = FALSE
	EndGlobalSection
EndGlobal
